// !$*UTF8*$!
{
	archiveVersion = 1;
	classes = {
	};
	objectVersion = 50;
	objects = {

/* Begin PBXBuildFile section */
		49F7BC9E244FC4EA000DA868 /* AppDelegate.swift in Sources */ = {isa = PBXBuildFile; fileRef = 49F7BC9D244FC4EA000DA868 /* AppDelegate.swift */; };
		49F7BCA0244FC4EA000DA868 /* SceneDelegate.swift in Sources */ = {isa = PBXBuildFile; fileRef = 49F7BC9F244FC4EA000DA868 /* SceneDelegate.swift */; };
		49F7BCA2244FC4EA000DA868 /* ViewController.swift in Sources */ = {isa = PBXBuildFile; fileRef = 49F7BCA1244FC4EA000DA868 /* ViewController.swift */; };
		49F7BCA5244FC4EA000DA868 /* Main.storyboard in Resources */ = {isa = PBXBuildFile; fileRef = 49F7BCA3244FC4EA000DA868 /* Main.storyboard */; };
		49F7BCA7244FC4F9000DA868 /* Assets.xcassets in Resources */ = {isa = PBXBuildFile; fileRef = 49F7BCA6244FC4F9000DA868 /* Assets.xcassets */; };
		49F7BCAA244FC4F9000DA868 /* LaunchScreen.storyboard in Resources */ = {isa = PBXBuildFile; fileRef = 49F7BCA8244FC4F9000DA868 /* LaunchScreen.storyboard */; };
		49F7BCB3244FC53C000DA868 /* CameraView.swift in Sources */ = {isa = PBXBuildFile; fileRef = 49F7BCB2244FC53C000DA868 /* CameraView.swift */; };
		49F7BCB5244FC6E9000DA868 /* ConfigureCamera.swift in Sources */ = {isa = PBXBuildFile; fileRef = 49F7BCB4244FC6E9000DA868 /* ConfigureCamera.swift */; };
		49F7BCB8244FC8C8000DA868 /* Utilities.swift in Sources */ = {isa = PBXBuildFile; fileRef = 49F7BCB7244FC8C8000DA868 /* Utilities.swift */; };
		49F7BCBA244FC919000DA868 /* VisionOCR.swift in Sources */ = {isa = PBXBuildFile; fileRef = 49F7BCB9244FC919000DA868 /* VisionOCR.swift */; };
		49F7BCBC244FCE4A000DA868 /* ARFunctions.swift in Sources */ = {isa = PBXBuildFile; fileRef = 49F7BCBB244FCE4A000DA868 /* ARFunctions.swift */; };
/* End PBXBuildFile section */

/* Begin PBXFileReference section */
		49F7BC9A244FC4EA000DA868 /* AlternativeARKit.app */ = {isa = PBXFileReference; explicitFileType = wrapper.application; includeInIndex = 0; path = AlternativeARKit.app; sourceTree = BUILT_PRODUCTS_DIR; };
		49F7BC9D244FC4EA000DA868 /* AppDelegate.swift */ = {isa = PBXFileReference; lastKnownFileType = sourcecode.swift; path = AppDelegate.swift; sourceTree = "<group>"; };
		49F7BC9F244FC4EA000DA868 /* SceneDelegate.swift */ = {isa = PBXFileReference; lastKnownFileType = sourcecode.swift; path = SceneDelegate.swift; sourceTree = "<group>"; };
		49F7BCA1244FC4EA000DA868 /* ViewController.swift */ = {isa = PBXFileReference; lastKnownFileType = sourcecode.swift; path = ViewController.swift; sourceTree = "<group>"; };
		49F7BCA4244FC4EA000DA868 /* Base */ = {isa = PBXFileReference; lastKnownFileType = file.storyboard; name = Base; path = Base.lproj/Main.storyboard; sourceTree = "<group>"; };
		49F7BCA6244FC4F9000DA868 /* Assets.xcassets */ = {isa = PBXFileReference; lastKnownFileType = folder.assetcatalog; path = Assets.xcassets; sourceTree = "<group>"; };
		49F7BCA9244FC4F9000DA868 /* Base */ = {isa = PBXFileReference; lastKnownFileType = file.storyboard; name = Base; path = Base.lproj/LaunchScreen.storyboard; sourceTree = "<group>"; };
		49F7BCAB244FC4F9000DA868 /* Info.plist */ = {isa = PBXFileReference; lastKnownFileType = text.plist.xml; path = Info.plist; sourceTree = "<group>"; };
		49F7BCB2244FC53C000DA868 /* CameraView.swift */ = {isa = PBXFileReference; lastKnownFileType = sourcecode.swift; path = CameraView.swift; sourceTree = "<group>"; };
		49F7BCB4244FC6E9000DA868 /* ConfigureCamera.swift */ = {isa = PBXFileReference; lastKnownFileType = sourcecode.swift; path = ConfigureCamera.swift; sourceTree = "<group>"; };
		49F7BCB7244FC8C8000DA868 /* Utilities.swift */ = {isa = PBXFileReference; lastKnownFileType = sourcecode.swift; path = Utilities.swift; sourceTree = "<group>"; };
		49F7BCB9244FC919000DA868 /* VisionOCR.swift */ = {isa = PBXFileReference; lastKnownFileType = sourcecode.swift; path = VisionOCR.swift; sourceTree = "<group>"; };
		49F7BCBB244FCE4A000DA868 /* ARFunctions.swift */ = {isa = PBXFileReference; lastKnownFileType = sourcecode.swift; path = ARFunctions.swift; sourceTree = "<group>"; };
/* End PBXFileReference section */

/* Begin PBXFrameworksBuildPhase section */
		49F7BC97244FC4EA000DA868 /* Frameworks */ = {
			isa = PBXFrameworksBuildPhase;
			buildActionMask = 2147483647;
			files = (
			);
			runOnlyForDeploymentPostprocessing = 0;
		};
/* End PBXFrameworksBuildPhase section */

/* Begin PBXGroup section */
		49F7BC91244FC4E9000DA868 = {
			isa = PBXGroup;
			children = (
				49F7BC9C244FC4EA000DA868 /* AlternativeARKit */,
				49F7BC9B244FC4EA000DA868 /* Products */,
			);
			sourceTree = "<group>";
		};
		49F7BC9B244FC4EA000DA868 /* Products */ = {
			isa = PBXGroup;
			children = (
				49F7BC9A244FC4EA000DA868 /* AlternativeARKit.app */,
			);
			name = Products;
			sourceTree = "<group>";
		};
		49F7BC9C244FC4EA000DA868 /* AlternativeARKit */ = {
			isa = PBXGroup;
			children = (
				49F7BCB6244FC89D000DA868 /* Vision */,
				49F7BCB1244FC530000DA868 /* CameraView */,
				49F7BC9D244FC4EA000DA868 /* AppDelegate.swift */,
				49F7BC9F244FC4EA000DA868 /* SceneDelegate.swift */,
				49F7BCA1244FC4EA000DA868 /* ViewController.swift */,
				49F7BCA3244FC4EA000DA868 /* Main.storyboard */,
				49F7BCA6244FC4F9000DA868 /* Assets.xcassets */,
				49F7BCA8244FC4F9000DA868 /* LaunchScreen.storyboard */,
				49F7BCAB244FC4F9000DA868 /* Info.plist */,
			);
			path = AlternativeARKit;
			sourceTree = "<group>";
		};
		49F7BCB1244FC530000DA868 /* CameraView */ = {
			isa = PBXGroup;
			children = (
				49F7BCB2244FC53C000DA868 /* CameraView.swift */,
				49F7BCB4244FC6E9000DA868 /* ConfigureCamera.swift */,
			);
			path = CameraView;
			sourceTree = "<group>";
		};
		49F7BCB6244FC89D000DA868 /* Vision */ = {
			isa = PBXGroup;
			children = (
				49F7BCB7244FC8C8000DA868 /* Utilities.swift */,
				49F7BCB9244FC919000DA868 /* VisionOCR.swift */,
				49F7BCBB244FCE4A000DA868 /* ARFunctions.swift */,
			);
			path = Vision;
			sourceTree = "<group>";
		};
/* End PBXGroup section */

/* Begin PBXNativeTarget section */
		49F7BC99244FC4EA000DA868 /* AlternativeARKit */ = {
			isa = PBXNativeTarget;
			buildConfigurationList = 49F7BCAE244FC4F9000DA868 /* Build configuration list for PBXNativeTarget "AlternativeARKit" */;
			buildPhases = (
				49F7BC96244FC4EA000DA868 /* Sources */,
				49F7BC97244FC4EA000DA868 /* Frameworks */,
				49F7BC98244FC4EA000DA868 /* Resources */,
			);
			buildRules = (
			);
			dependencies = (
			);
			name = AlternativeARKit;
			productName = AlternativeARKit;
			productReference = 49F7BC9A244FC4EA000DA868 /* AlternativeARKit.app */;
			productType = "com.apple.product-type.application";
		};
/* End PBXNativeTarget section */

/* Begin PBXProject section */
		49F7BC92244FC4E9000DA868 /* Project object */ = {
			isa = PBXProject;
			attributes = {
				LastSwiftUpdateCheck = 1140;
				LastUpgradeCheck = 1140;
				ORGANIZATIONNAME = Zheng;
				TargetAttributes = {
					49F7BC99244FC4EA000DA868 = {
						CreatedOnToolsVersion = 11.4.1;
					};
				};
			};
			buildConfigurationList = 49F7BC95244FC4E9000DA868 /* Build configuration list for PBXProject "AlternativeARKit" */;
			compatibilityVersion = "Xcode 9.3";
			developmentRegion = en;
			hasScannedForEncodings = 0;
			knownRegions = (
				en,
				Base,
			);
			mainGroup = 49F7BC91244FC4E9000DA868;
			productRefGroup = 49F7BC9B244FC4EA000DA868 /* Products */;
			projectDirPath = "";
			projectRoot = "";
			targets = (
				49F7BC99244FC4EA000DA868 /* AlternativeARKit */,
			);
		};
/* End PBXProject section */

/* Begin PBXResourcesBuildPhase section */
		49F7BC98244FC4EA000DA868 /* Resources */ = {
			isa = PBXResourcesBuildPhase;
			buildActionMask = 2147483647;
			files = (
				49F7BCAA244FC4F9000DA868 /* LaunchScreen.storyboard in Resources */,
				49F7BCA7244FC4F9000DA868 /* Assets.xcassets in Resources */,
				49F7BCA5244FC4EA000DA868 /* Main.storyboard in Resources */,
			);
			runOnlyForDeploymentPostprocessing = 0;
		};
/* End PBXResourcesBuildPhase section */

/* Begin PBXSourcesBuildPhase section */
		49F7BC96244FC4EA000DA868 /* Sources */ = {
			isa = PBXSourcesBuildPhase;
			buildActionMask = 2147483647;
			files = (
				49F7BCBC244FCE4A000DA868 /* ARFunctions.swift in Sources */,
				49F7BCB8244FC8C8000DA868 /* Utilities.swift in Sources */,
				49F7BCA2244FC4EA000DA868 /* ViewController.swift in Sources */,
				49F7BCB5244FC6E9000DA868 /* ConfigureCamera.swift in Sources */,
				49F7BC9E244FC4EA000DA868 /* AppDelegate.swift in Sources */,
				49F7BCA0244FC4EA000DA868 /* SceneDelegate.swift in Sources */,
				49F7BCB3244FC53C000DA868 /* CameraView.swift in Sources */,
				49F7BCBA244FC919000DA868 /* VisionOCR.swift in Sources */,
			);
			runOnlyForDeploymentPostprocessing = 0;
		};
/* End PBXSourcesBuildPhase section */

/* Begin PBXVariantGroup section */
		49F7BCA3244FC4EA000DA868 /* Main.storyboard */ = {
			isa = PBXVariantGroup;
			children = (
				49F7BCA4244FC4EA000DA868 /* Base */,
			);
			name = Main.storyboard;
			sourceTree = "<group>";
		};
		49F7BCA8244FC4F9000DA868 /* LaunchScreen.storyboard */ = {
			isa = PBXVariantGroup;
			children = (
				49F7BCA9244FC4F9000DA868 /* Base */,
			);
			name = LaunchScreen.storyboard;
			sourceTree = "<group>";
		};
/* End PBXVariantGroup section */

/* Begin XCBuildConfiguration section */
		49F7BCAC244FC4F9000DA868 /* Debug */ = {
			isa = XCBuildConfiguration;
			buildSettings = {
				ALWAYS_SEARCH_USER_PATHS = NO;
				CLANG_ANALYZER_NONNULL = YES;
				CLANG_ANALYZER_NUMBER_OBJECT_CONVERSION = YES_AGGRESSIVE;
				CLANG_CXX_LANGUAGE_STANDARD = "gnu++14";
				CLANG_CXX_LIBRARY = "libc++";
				CLANG_ENABLE_MODULES = YES;
				CLANG_ENABLE_OBJC_ARC = YES;
				CLANG_ENABLE_OBJC_WEAK = YES;
				CLANG_WARN_BLOCK_CAPTURE_AUTORELEASING = YES;
				CLANG_WARN_BOOL_CONVERSION = YES;
				CLANG_WARN_COMMA = YES;
				CLANG_WARN_CONSTANT_CONVERSION = YES;
				CLANG_WARN_DEPRECATED_OBJC_IMPLEMENTATIONS = YES;
				CLANG_WARN_DIRECT_OBJC_ISA_USAGE = YES_ERROR;
				CLANG_WARN_DOCUMENTATION_COMMENTS = YES;
				CLANG_WARN_EMPTY_BODY = YES;
				CLANG_WARN_ENUM_CONVERSION = YES;
				CLANG_WARN_INFINITE_RECURSION = YES;
				CLANG_WARN_INT_CONVERSION = YES;
				CLANG_WARN_NON_LITERAL_NULL_CONVERSION = YES;
				CLANG_WARN_OBJC_IMPLICIT_RETAIN_SELF = YES;
				CLANG_WARN_OBJC_LITERAL_CONVERSION = YES;
				CLANG_WARN_OBJC_ROOT_CLASS = YES_ERROR;
				CLANG_WARN_RANGE_LOOP_ANALYSIS = YES;
				CLANG_WARN_STRICT_PROTOTYPES = YES;
				CLANG_WARN_SUSPICIOUS_MOVE = YES;
				CLANG_WARN_UNGUARDED_AVAILABILITY = YES_AGGRESSIVE;
				CLANG_WARN_UNREACHABLE_CODE = YES;
				CLANG_WARN__DUPLICATE_METHOD_MATCH = YES;
				COPY_PHASE_STRIP = NO;
				DEBUG_INFORMATION_FORMAT = dwarf;
				ENABLE_STRICT_OBJC_MSGSEND = YES;
				ENABLE_TESTABILITY = YES;
				GCC_C_LANGUAGE_STANDARD = gnu11;
				GCC_DYNAMIC_NO_PIC = NO;
				GCC_NO_COMMON_BLOCKS = YES;
				GCC_OPTIMIZATION_LEVEL = 0;
				GCC_PREPROCESSOR_DEFINITIONS = (
					"DEBUG=1",
					"$(inherited)",
				);
				GCC_WARN_64_TO_32_BIT_CONVERSION = YES;
				GCC_WARN_ABOUT_RETURN_TYPE = YES_ERROR;
				GCC_WARN_UNDECLARED_SELECTOR = YES;
				GCC_WARN_UNINITIALIZED_AUTOS = YES_AGGRESSIVE;
				GCC_WARN_UNUSED_FUNCTION = YES;
				GCC_WARN_UNUSED_VARIABLE = YES;
				IPHONEOS_DEPLOYMENT_TARGET = 13.4;
				MTL_ENABLE_DEBUG_INFO = INCLUDE_SOURCE;
				MTL_FAST_MATH = YES;
				ONLY_ACTIVE_ARCH = YES;
				SDKROOT = iphoneos;
				SWIFT_ACTIVE_COMPILATION_CONDITIONS = DEBUG;
				SWIFT_OPTIMIZATION_LEVEL = "-Onone";
			};
			name = Debug;
		};
		49F7BCAD244FC4F9000DA868 /* Release */ = {
			isa = XCBuildConfiguration;
			buildSettings = {
				ALWAYS_SEARCH_USER_PATHS = NO;
				CLANG_ANALYZER_NONNULL = YES;
				CLANG_ANALYZER_NUMBER_OBJECT_CONVERSION = YES_AGGRESSIVE;
				CLANG_CXX_LANGUAGE_STANDARD = "gnu++14";
				CLANG_CXX_LIBRARY = "libc++";
				CLANG_ENABLE_MODULES = YES;
				CLANG_ENABLE_OBJC_ARC = YES;
				CLANG_ENABLE_OBJC_WEAK = YES;
				CLANG_WARN_BLOCK_CAPTURE_AUTORELEASING = YES;
				CLANG_WARN_BOOL_CONVERSION = YES;
				CLANG_WARN_COMMA = YES;
				CLANG_WARN_CONSTANT_CONVERSION = YES;
				CLANG_WARN_DEPRECATED_OBJC_IMPLEMENTATIONS = YES;
				CLANG_WARN_DIRECT_OBJC_ISA_USAGE = YES_ERROR;
				CLANG_WARN_DOCUMENTATION_COMMENTS = YES;
				CLANG_WARN_EMPTY_BODY = YES;
				CLANG_WARN_ENUM_CONVERSION = YES;
				CLANG_WARN_INFINITE_RECURSION = YES;
				CLANG_WARN_INT_CONVERSION = YES;
				CLANG_WARN_NON_LITERAL_NULL_CONVERSION = YES;
				CLANG_WARN_OBJC_IMPLICIT_RETAIN_SELF = YES;
				CLANG_WARN_OBJC_LITERAL_CONVERSION = YES;
				CLANG_WARN_OBJC_ROOT_CLASS = YES_ERROR;
				CLANG_WARN_RANGE_LOOP_ANALYSIS = YES;
				CLANG_WARN_STRICT_PROTOTYPES = YES;
				CLANG_WARN_SUSPICIOUS_MOVE = YES;
				CLANG_WARN_UNGUARDED_AVAILABILITY = YES_AGGRESSIVE;
				CLANG_WARN_UNREACHABLE_CODE = YES;
				CLANG_WARN__DUPLICATE_METHOD_MATCH = YES;
				COPY_PHASE_STRIP = NO;
				DEBUG_INFORMATION_FORMAT = "dwarf-with-dsym";
				ENABLE_NS_ASSERTIONS = NO;
				ENABLE_STRICT_OBJC_MSGSEND = YES;
				GCC_C_LANGUAGE_STANDARD = gnu11;
				GCC_NO_COMMON_BLOCKS = YES;
				GCC_WARN_64_TO_32_BIT_CONVERSION = YES;
				GCC_WARN_ABOUT_RETURN_TYPE = YES_ERROR;
				GCC_WARN_UNDECLARED_SELECTOR = YES;
				GCC_WARN_UNINITIALIZED_AUTOS = YES_AGGRESSIVE;
				GCC_WARN_UNUSED_FUNCTION = YES;
				GCC_WARN_UNUSED_VARIABLE = YES;
				IPHONEOS_DEPLOYMENT_TARGET = 13.4;
				MTL_ENABLE_DEBUG_INFO = NO;
				MTL_FAST_MATH = YES;
				SDKROOT = iphoneos;
				SWIFT_COMPILATION_MODE = wholemodule;
				SWIFT_OPTIMIZATION_LEVEL = "-O";
				VALIDATE_PRODUCT = YES;
			};
			name = Release;
		};
		49F7BCAF244FC4F9000DA868 /* Debug */ = {
			isa = XCBuildConfiguration;
			buildSettings = {
				ASSETCATALOG_COMPILER_APPICON_NAME = AppIcon;
				CODE_SIGN_STYLE = Automatic;
				DEVELOPMENT_TEAM = YA533DMD5J;
				INFOPLIST_FILE = AlternativeARKit/Info.plist;
				IPHONEOS_DEPLOYMENT_TARGET = 13.3;
				LD_RUNPATH_SEARCH_PATHS = (
					"$(inherited)",
					"@executable_path/Frameworks",
				);
				PRODUCT_BUNDLE_IDENTIFIER = com.ktkpiano.AlternativeARKit;
				PRODUCT_NAME = "$(TARGET_NAME)";
				SWIFT_VERSION = 5.0;
				TARGETED_DEVICE_FAMILY = "1,2";
			};
			name = Debug;
		};
		49F7BCB0244FC4F9000DA868 /* Release */ = {
			isa = XCBuildConfiguration;
			buildSettings = {
				ASSETCATALOG_COMPILER_APPICON_NAME = AppIcon;
				CODE_SIGN_STYLE = Automatic;
				DEVELOPMENT_TEAM = YA533DMD5J;
				INFOPLIST_FILE = AlternativeARKit/Info.plist;
				IPHONEOS_DEPLOYMENT_TARGET = 13.3;
				LD_RUNPATH_SEARCH_PATHS = (
					"$(inherited)",
					"@executable_path/Frameworks",
				);
				PRODUCT_BUNDLE_IDENTIFIER = com.ktkpiano.AlternativeARKit;
				PRODUCT_NAME = "$(TARGET_NAME)";
				SWIFT_VERSION = 5.0;
				TARGETED_DEVICE_FAMILY = "1,2";
			};
			name = Release;
		};
/* End XCBuildConfiguration section */

/* Begin XCConfigurationList section */
		49F7BC95244FC4E9000DA868 /* Build configuration list for PBXProject "AlternativeARKit" */ = {
			isa = XCConfigurationList;
			buildConfigurations = (
				49F7BCAC244FC4F9000DA868 /* Debug */,
				49F7BCAD244FC4F9000DA868 /* Release */,
			);
			defaultConfigurationIsVisible = 0;
			defaultConfigurationName = Release;
		};
		49F7BCAE244FC4F9000DA868 /* Build configuration list for PBXNativeTarget "AlternativeARKit" */ = {
			isa = XCConfigurationList;
			buildConfigurations = (
				49F7BCAF244FC4F9000DA868 /* Debug */,
				49F7BCB0244FC4F9000DA868 /* Release */,
			);
			defaultConfigurationIsVisible = 0;
			defaultConfigurationName = Release;
		};
/* End XCConfigurationList section */
	};
	rootObject = 49F7BC92244FC4E9000DA868 /* Project object */;
}
